
Microsoft Visual Studio Solution File, Format Version 12.00
# Visual Studio Version 17
VisualStudioVersion = 17.13.35825.156
MinimumVisualStudioVersion = 10.0.40219.1
Project("{2150E333-8FDC-42A3-9474-1A3956D46DE8}") = "chapter01", "chapter01", "{DDB4EF12-CC4E-5E88-E6FC-71A802F4DE97}"
EndProject
Project("{FAE04EC0-301F-11D3-BF4B-00C04F79EFBC}") = "ProductSample", "Chapter01\ProductSample\ProductSample.csproj", "{C1A46E51-B286-4D2F-9364-5474C51CC307}"
EndProject
Project("{2150E333-8FDC-42A3-9474-1A3956D46DE8}") = "Chapter02", "Chapter02", "{1DE4ED9C-A252-4A2C-AED6-F8FB874590F0}"
EndProject
Project("{FAE04EC0-301F-11D3-BF4B-00C04F79EFBC}") = "DistanceConverter", "Chapter02\DistanceConverter\DistanceConverter.csproj", "{9DCB5634-2A6A-605A-0D8F-EF7BB0637332}"
EndProject
Project("{2150E333-8FDC-42A3-9474-1A3956D46DE8}") = "演習問題", "演習問題", "{DF68C85C-5A85-478B-8C7C-2AAD64DC0A8F}"
EndProject
Project("{FAE04EC0-301F-11D3-BF4B-00C04F79EFBC}") = "Exercise02", "Chapter02\演習問題\Exercise02\Exercise02.csproj", "{28D68D7F-AAC9-4E7C-974D-F5B5C5211455}"
EndProject
Project("{2150E333-8FDC-42A3-9474-1A3956D46DE8}") = "距離換算プログラム", "距離換算プログラム", "{C6832351-4C39-448D-97BC-44A5F540CA0D}"
EndProject
Project("{2150E333-8FDC-42A3-9474-1A3956D46DE8}") = "FormApps", "FormApps", "{F7B4A52C-5A03-4760-BBF6-E9C9CA62FAF3}"
EndProject
Project("{FAE04EC0-301F-11D3-BF4B-00C04F79EFBC}") = "UnitConverter", "FormApps\UnitConverter\UnitConverter.csproj", "{F908F6A8-49E1-44FA-ADC5-555F1800DE7C}"
EndProject
Project("{FAE04EC0-301F-11D3-BF4B-00C04F79EFBC}") = "StopWatch", "FormApps\StopWatch\StopWatch.csproj", "{FA1648E7-F6C5-41E1-9A4A-4D0AC1B5E28D}"
EndProject
Project("{2150E333-8FDC-42A3-9474-1A3956D46DE8}") = "売上集計プログラム", "売上集計プログラム", "{E046CFB9-6174-4389-9EEC-207BE82D1F8D}"
EndProject
Project("{FAE04EC0-301F-11D3-BF4B-00C04F79EFBC}") = "SalesCalculator", "Chapter02\SalesCalculator\SalesCalculator.csproj", "{C344929F-77CA-4B97-BE24-C9F88F178813}"
EndProject
Project("{FAE04EC0-301F-11D3-BF4B-00C04F79EFBC}") = "Exercise01", "Chapter02\演習問題\Exercise01\Exercise01.csproj", "{F51E9D55-D847-4FA2-A5D9-0A9042398923}"
EndProject
Project("{FAE04EC0-301F-11D3-BF4B-00C04F79EFBC}") = "Game", "Chapter01\Game\Game.csproj", "{406DCBFF-EB8E-48FD-9A04-AEAB3F4DDA1A}"
EndProject
Project("{FAE04EC0-301F-11D3-BF4B-00C04F79EFBC}") = "ManegimentAttendance", "FormApps\ManegimentAttendance\ManegimentAttendance\ManegimentAttendance.csproj", "{01E52101-CE54-4649-B644-864C6FE88924}"
EndProject
Project("{FAE04EC0-301F-11D3-BF4B-00C04F79EFBC}") = "Section01", "Chapter03\Section01\Section01.csproj", "{5681F9FA-C2B4-45E7-A9F9-52DEDEA69806}"
EndProject
Project("{2150E333-8FDC-42A3-9474-1A3956D46DE8}") = "Chapter03", "Chapter03", "{2AB8A49B-AFBC-4A1A-8585-6155F553B481}"
EndProject
Project("{2150E333-8FDC-42A3-9474-1A3956D46DE8}") = "演習問題", "演習問題", "{0617A0E7-18F1-40FF-B70A-E445C903A030}"
EndProject
Project("{FAE04EC0-301F-11D3-BF4B-00C04F79EFBC}") = "Exercise02", "Chapter03\演習問題\Exercise02\Exercise02.csproj", "{9661600F-9E2E-EC39-AFA2-64DBC15CE967}"
EndProject
Project("{FAE04EC0-301F-11D3-BF4B-00C04F79EFBC}") = "Exercise01", "Chapter03\演習問題\Exercise01\Exercise01.csproj", "{C1D467A2-649D-468F-AF75-0B178FA80A4F}"
EndProject
Project("{2150E333-8FDC-42A3-9474-1A3956D46DE8}") = "Chapter04", "Chapter04", "{6E09C45F-E4AC-4D3B-A254-43B66A55A7CE}"
EndProject
Project("{FAE04EC0-301F-11D3-BF4B-00C04F79EFBC}") = "Section04", "Chapter04\Section04\Section04.csproj", "{BF076AD8-C2DD-4BD4-AE8F-36B97863932B}"
EndProject
Project("{2150E333-8FDC-42A3-9474-1A3956D46DE8}") = "演習問題", "演習問題", "{DE174D9C-F4D9-454C-9550-A43E4E810C5C}"
EndProject
Project("{FAE04EC0-301F-11D3-BF4B-00C04F79EFBC}") = "Exercise01", "Chapter04\演習問題\Exercise01\Exercise01.csproj", "{658E6015-6A30-4D5F-89E2-29203F125736}"
EndProject
Project("{FAE04EC0-301F-11D3-BF4B-00C04F79EFBC}") = "Exercise02", "Chapter04\演習問題\Exercise02\Exercise02.csproj", "{4934B277-87E8-45D0-9422-D11E23248679}"
EndProject
Project("{2150E333-8FDC-42A3-9474-1A3956D46DE8}") = "LINQ", "LINQ", "{C2B3A20F-16B0-42B9-9AF4-0BD7EB3277E1}"
EndProject
Project("{FAE04EC0-301F-11D3-BF4B-00C04F79EFBC}") = "LinqSample", "LINQ\LinqSample\LinqSample.csproj", "{A4ECA0A6-03B7-4A05-ADF8-CBDFE05F7CA9}"
EndProject
Project("{2150E333-8FDC-42A3-9474-1A3956D46DE8}") = "Chapter07", "Chapter07", "{49E77E72-A99F-4033-86F0-FBFD05B20143}"
EndProject
Project("{2150E333-8FDC-42A3-9474-1A3956D46DE8}") = "演習問題", "演習問題", "{66F3A5D1-A244-4B77-8918-57A2E85CD6C1}"
EndProject
Project("{FAE04EC0-301F-11D3-BF4B-00C04F79EFBC}") = "Exercise01", "Chapter07\演習問題\Exercise01\Exercise01.csproj", "{E122F7A0-E970-4B75-807C-8823E9102864}"
EndProject
Project("{FAE04EC0-301F-11D3-BF4B-00C04F79EFBC}") = "Section01", "Chapter07\Section01\Section01.csproj", "{1200B622-0396-4BAA-A47F-F22E5B2A277C}"
EndProject
Project("{FAE04EC0-301F-11D3-BF4B-00C04F79EFBC}") = "Section05", "Chapter07\Section05\Section05.csproj", "{7260A4CB-D853-4390-964D-F5AF6C3BE445}"
EndProject
Project("{FAE04EC0-301F-11D3-BF4B-00C04F79EFBC}") = "Exercise02", "Chapter07\演習問題\Exercise02\Exercise02.csproj", "{7CF55D69-DB1B-4326-AF91-01072A966638}"
EndProject
Project("{2150E333-8FDC-42A3-9474-1A3956D46DE8}") = "Chapter06", "Chapter06", "{5D8AC47C-5270-46A8-AE1B-2398C3CD1789}"
EndProject
Project("{2150E333-8FDC-42A3-9474-1A3956D46DE8}") = "演習問題", "演習問題", "{B9A03ACA-706C-4DD9-A8E9-F092BCF36D7F}"
EndProject
Project("{FAE04EC0-301F-11D3-BF4B-00C04F79EFBC}") = "Exercise01", "Chapter06\演習問題\Exercise01\Exercise01.csproj", "{B5025803-550F-2718-0B4A-39867A675BF8}"
EndProject
Project("{FAE04EC0-301F-11D3-BF4B-00C04F79EFBC}") = "Exercise02", "Chapter06\演習問題\Exercise02\Exercise02.csproj", "{9605B4B8-0A34-BDE4-CFD2-F49073E3B9EF}"
EndProject
Project("{FAE04EC0-301F-11D3-BF4B-00C04F79EFBC}") = "Exercise03", "Chapter06\演習問題\Exercise03\Exercise03.csproj", "{766DC129-B7E6-6BE5-67FF-02794A6C9D6A}"
EndProject
Project("{FAE04EC0-301F-11D3-BF4B-00C04F79EFBC}") = "Exercise04", "Chapter06\演習問題\Exercise04\Exercise04.csproj", "{8758FBDB-9295-0DA5-31B6-DA01667F06FB}"
EndProject
Project("{FAE04EC0-301F-11D3-BF4B-00C04F79EFBC}") = "Section01", "Chapter06\Section01\Section01.csproj", "{7B34514D-F55C-A5FE-D1EF-2AB834B91306}"
EndProject
Project("{FAE04EC0-301F-11D3-BF4B-00C04F79EFBC}") = "Section03", "Chapter06\Section03\Section03.csproj", "{8A978430-2CBF-4942-9B38-7E73355D7635}"
EndProject
Project("{2150E333-8FDC-42A3-9474-1A3956D46DE8}") = "Chapter05", "Chapter05", "{7512E635-1B01-4353-B61A-8BBA40DE9C83}"
EndProject
Project("{FAE04EC0-301F-11D3-BF4B-00C04F79EFBC}") = "Section01", "Chapter05\Section01\Section01.csproj", "{6BD0EDF0-B69B-48FD-861C-36FCA7A71D96}"
EndProject
Project("{FAE04EC0-301F-11D3-BF4B-00C04F79EFBC}") = "Section02", "Chapter05\Section02\Section02.csproj", "{7FC6C7B7-F83D-4E47-8F15-8109483A6D1D}"
EndProject
Project("{2150E333-8FDC-42A3-9474-1A3956D46DE8}") = "演習問題", "演習問題", "{A96CAC3F-FA89-484F-BCD0-79A6F5FA0461}"
EndProject
Project("{FAE04EC0-301F-11D3-BF4B-00C04F79EFBC}") = "Exercise01", "Chapter05\演習問題\Exercise01\Exercise01.csproj", "{0F61C659-3C2A-4B32-9E13-CE6B462681D6}"
EndProject
Project("{FAE04EC0-301F-11D3-BF4B-00C04F79EFBC}") = "Exercise02", "Chapter05\演習問題\Exercise02\Exercise02.csproj", "{F3096F73-8FCF-477B-BEB2-968C6B0C89DF}"
EndProject
Project("{2150E333-8FDC-42A3-9474-1A3956D46DE8}") = "Chapter08", "Chapter08", "{AC5829DA-48CB-4C18-82EF-8766A849C924}"
EndProject
Project("{2150E333-8FDC-42A3-9474-1A3956D46DE8}") = "演習問題", "演習問題", "{00600DC5-FFE1-442E-B951-9CF2DAFE59C5}"
EndProject
Project("{FAE04EC0-301F-11D3-BF4B-00C04F79EFBC}") = "Exercise01", "Chapter08\演習問題\Exercise01\Exercise01.csproj", "{A67003EF-C451-4306-9537-22ACB08459D3}"
EndProject
Project("{FAE04EC0-301F-11D3-BF4B-00C04F79EFBC}") = "PrefCapitalLocationSystem", "Chapter08\PrefCapitalLocationSystem\PrefCapitalLocationSystem.csproj", "{BA3B5C5E-D6A4-39ED-6760-036CDB62E249}"
EndProject
Project("{FAE04EC0-301F-11D3-BF4B-00C04F79EFBC}") = "Exercise02", "Chapter08\演習問題\Exercise02\Exercise02.csproj", "{31B04742-827B-41CC-BE54-81BBB63A2106}"
EndProject
Project("{FAE04EC0-301F-11D3-BF4B-00C04F79EFBC}") = "Section03", "Chapter08\Section03\Section03.csproj", "{8C0A0BC6-7925-42A5-B48B-A3705CE6C760}"
EndProject
Project("{2150E333-8FDC-42A3-9474-1A3956D46DE8}") = "Test01", "Test01", "{498FEAF4-DBE5-4DF7-9DC8-478E0EEA5993}"
EndProject
Project("{FAE04EC0-301F-11D3-BF4B-00C04F79EFBC}") = "Test01", "Test01\Test01\Test01.csproj", "{6EF7678A-A725-F430-3097-30F090C0100A}"
EndProject
Project("{FAE04EC0-301F-11D3-BF4B-00C04F79EFBC}") = "Test02", "Test01\Test02\Test02.csproj", "{010D0C11-D6A2-3CA6-3281-4E0FD547EC2D}"
EndProject
Project("{2150E333-8FDC-42A3-9474-1A3956D46DE8}") = "Chapter09", "Chapter09", "{EC98FBDE-D4A9-469D-AFE2-07379C7AF79B}"
EndProject
Project("{FAE04EC0-301F-11D3-BF4B-00C04F79EFBC}") = "Section01", "Chapter09\Section01\Section01.csproj", "{42F36080-6132-4E19-BEB7-B75F30754DEE}"
EndProject
Project("{2150E333-8FDC-42A3-9474-1A3956D46DE8}") = "演習問題", "演習問題", "{281B5FF0-5980-410B-8B76-259DDA290641}"
EndProject
Project("{FAE04EC0-301F-11D3-BF4B-00C04F79EFBC}") = "Exercise01", "Chapter09\演習問題\Exercise01\Exercise01.csproj", "{DB416589-B6F7-4651-A201-8D3F7CEA902C}"
EndProject
Project("{FAE04EC0-301F-11D3-BF4B-00C04F79EFBC}") = "Exercise02", "Chapter09\演習問題\Exercise02\Exercise02.csproj", "{FD35EECA-7369-4D07-99DF-269A500F98E2}"
EndProject
Project("{FAE04EC0-301F-11D3-BF4B-00C04F79EFBC}") = "Exercise03", "Chapter09\演習問題\Exercise03\Exercise03.csproj", "{73450C9A-E218-41FA-8E6E-7931B820E573}"
EndProject
Project("{FAE04EC0-301F-11D3-BF4B-00C04F79EFBC}") = "CarReportSystem", "FormApps\CarReportSystem\CarReportSystem.csproj", "{B5F00E82-D732-4856-A875-ABFC3CA7E142}"
EndProject
Project("{2150E333-8FDC-42A3-9474-1A3956D46DE8}") = "Chapter12", "Chapter12", "{E6C788F2-B47E-433E-B50C-577ACC473203}"
EndProject
Project("{2150E333-8FDC-42A3-9474-1A3956D46DE8}") = "演習問題", "演習問題", "{53563BAE-3FEF-4370-B59B-CCA7EDE5DAB8}"
EndProject
Project("{FAE04EC0-301F-11D3-BF4B-00C04F79EFBC}") = "Section01", "Chapter12\Section01\Section01.csproj", "{5BD4CB0C-1C28-4970-863D-6DEC5BF857E2}"
EndProject
Project("{FAE04EC0-301F-11D3-BF4B-00C04F79EFBC}") = "Exercise01", "Chapter12\演習問題\Exercise01\Exercise01.csproj", "{8C31315C-B092-4866-BBDC-C1754D584E8C}"
EndProject
Project("{FAE04EC0-301F-11D3-BF4B-00C04F79EFBC}") = "Exercise02", "Chapter12\演習問題\Exercise02\Exercise02.csproj", "{1E82F0B6-D41A-4588-9AA7-B62471DBFE0B}"
EndProject
Global
	GlobalSection(SolutionConfigurationPlatforms) = preSolution
		Debug|Any CPU = Debug|Any CPU
		Release|Any CPU = Release|Any CPU
	EndGlobalSection
	GlobalSection(ProjectConfigurationPlatforms) = postSolution
		{C1A46E51-B286-4D2F-9364-5474C51CC307}.Debug|Any CPU.ActiveCfg = Debug|Any CPU
		{C1A46E51-B286-4D2F-9364-5474C51CC307}.Debug|Any CPU.Build.0 = Debug|Any CPU
		{C1A46E51-B286-4D2F-9364-5474C51CC307}.Release|Any CPU.ActiveCfg = Release|Any CPU
		{C1A46E51-B286-4D2F-9364-5474C51CC307}.Release|Any CPU.Build.0 = Release|Any CPU
		{9DCB5634-2A6A-605A-0D8F-EF7BB0637332}.Debug|Any CPU.ActiveCfg = Debug|Any CPU
		{9DCB5634-2A6A-605A-0D8F-EF7BB0637332}.Debug|Any CPU.Build.0 = Debug|Any CPU
		{9DCB5634-2A6A-605A-0D8F-EF7BB0637332}.Release|Any CPU.ActiveCfg = Release|Any CPU
		{9DCB5634-2A6A-605A-0D8F-EF7BB0637332}.Release|Any CPU.Build.0 = Release|Any CPU
		{28D68D7F-AAC9-4E7C-974D-F5B5C5211455}.Debug|Any CPU.ActiveCfg = Debug|Any CPU
		{28D68D7F-AAC9-4E7C-974D-F5B5C5211455}.Debug|Any CPU.Build.0 = Debug|Any CPU
		{28D68D7F-AAC9-4E7C-974D-F5B5C5211455}.Release|Any CPU.ActiveCfg = Release|Any CPU
		{28D68D7F-AAC9-4E7C-974D-F5B5C5211455}.Release|Any CPU.Build.0 = Release|Any CPU
		{F908F6A8-49E1-44FA-ADC5-555F1800DE7C}.Debug|Any CPU.ActiveCfg = Debug|Any CPU
		{F908F6A8-49E1-44FA-ADC5-555F1800DE7C}.Debug|Any CPU.Build.0 = Debug|Any CPU
		{F908F6A8-49E1-44FA-ADC5-555F1800DE7C}.Release|Any CPU.ActiveCfg = Release|Any CPU
		{F908F6A8-49E1-44FA-ADC5-555F1800DE7C}.Release|Any CPU.Build.0 = Release|Any CPU
		{FA1648E7-F6C5-41E1-9A4A-4D0AC1B5E28D}.Debug|Any CPU.ActiveCfg = Debug|Any CPU
		{FA1648E7-F6C5-41E1-9A4A-4D0AC1B5E28D}.Debug|Any CPU.Build.0 = Debug|Any CPU
		{FA1648E7-F6C5-41E1-9A4A-4D0AC1B5E28D}.Release|Any CPU.ActiveCfg = Release|Any CPU
		{FA1648E7-F6C5-41E1-9A4A-4D0AC1B5E28D}.Release|Any CPU.Build.0 = Release|Any CPU
		{C344929F-77CA-4B97-BE24-C9F88F178813}.Debug|Any CPU.ActiveCfg = Debug|Any CPU
		{C344929F-77CA-4B97-BE24-C9F88F178813}.Debug|Any CPU.Build.0 = Debug|Any CPU
		{C344929F-77CA-4B97-BE24-C9F88F178813}.Release|Any CPU.ActiveCfg = Release|Any CPU
		{C344929F-77CA-4B97-BE24-C9F88F178813}.Release|Any CPU.Build.0 = Release|Any CPU
		{F51E9D55-D847-4FA2-A5D9-0A9042398923}.Debug|Any CPU.ActiveCfg = Debug|Any CPU
		{F51E9D55-D847-4FA2-A5D9-0A9042398923}.Debug|Any CPU.Build.0 = Debug|Any CPU
		{F51E9D55-D847-4FA2-A5D9-0A9042398923}.Release|Any CPU.ActiveCfg = Release|Any CPU
		{F51E9D55-D847-4FA2-A5D9-0A9042398923}.Release|Any CPU.Build.0 = Release|Any CPU
		{406DCBFF-EB8E-48FD-9A04-AEAB3F4DDA1A}.Debug|Any CPU.ActiveCfg = Debug|Any CPU
		{406DCBFF-EB8E-48FD-9A04-AEAB3F4DDA1A}.Debug|Any CPU.Build.0 = Debug|Any CPU
		{406DCBFF-EB8E-48FD-9A04-AEAB3F4DDA1A}.Release|Any CPU.ActiveCfg = Release|Any CPU
		{406DCBFF-EB8E-48FD-9A04-AEAB3F4DDA1A}.Release|Any CPU.Build.0 = Release|Any CPU
		{01E52101-CE54-4649-B644-864C6FE88924}.Debug|Any CPU.ActiveCfg = Debug|Any CPU
		{01E52101-CE54-4649-B644-864C6FE88924}.Debug|Any CPU.Build.0 = Debug|Any CPU
		{01E52101-CE54-4649-B644-864C6FE88924}.Release|Any CPU.ActiveCfg = Release|Any CPU
		{01E52101-CE54-4649-B644-864C6FE88924}.Release|Any CPU.Build.0 = Release|Any CPU
		{5681F9FA-C2B4-45E7-A9F9-52DEDEA69806}.Debug|Any CPU.ActiveCfg = Debug|Any CPU
		{5681F9FA-C2B4-45E7-A9F9-52DEDEA69806}.Debug|Any CPU.Build.0 = Debug|Any CPU
		{5681F9FA-C2B4-45E7-A9F9-52DEDEA69806}.Release|Any CPU.ActiveCfg = Release|Any CPU
		{5681F9FA-C2B4-45E7-A9F9-52DEDEA69806}.Release|Any CPU.Build.0 = Release|Any CPU
		{9661600F-9E2E-EC39-AFA2-64DBC15CE967}.Debug|Any CPU.ActiveCfg = Debug|Any CPU
		{9661600F-9E2E-EC39-AFA2-64DBC15CE967}.Debug|Any CPU.Build.0 = Debug|Any CPU
		{9661600F-9E2E-EC39-AFA2-64DBC15CE967}.Release|Any CPU.ActiveCfg = Release|Any CPU
		{9661600F-9E2E-EC39-AFA2-64DBC15CE967}.Release|Any CPU.Build.0 = Release|Any CPU
		{C1D467A2-649D-468F-AF75-0B178FA80A4F}.Debug|Any CPU.ActiveCfg = Debug|Any CPU
		{C1D467A2-649D-468F-AF75-0B178FA80A4F}.Debug|Any CPU.Build.0 = Debug|Any CPU
		{C1D467A2-649D-468F-AF75-0B178FA80A4F}.Release|Any CPU.ActiveCfg = Release|Any CPU
		{C1D467A2-649D-468F-AF75-0B178FA80A4F}.Release|Any CPU.Build.0 = Release|Any CPU
		{BF076AD8-C2DD-4BD4-AE8F-36B97863932B}.Debug|Any CPU.ActiveCfg = Debug|Any CPU
		{BF076AD8-C2DD-4BD4-AE8F-36B97863932B}.Debug|Any CPU.Build.0 = Debug|Any CPU
		{BF076AD8-C2DD-4BD4-AE8F-36B97863932B}.Release|Any CPU.ActiveCfg = Release|Any CPU
		{BF076AD8-C2DD-4BD4-AE8F-36B97863932B}.Release|Any CPU.Build.0 = Release|Any CPU
		{658E6015-6A30-4D5F-89E2-29203F125736}.Debug|Any CPU.ActiveCfg = Debug|Any CPU
		{658E6015-6A30-4D5F-89E2-29203F125736}.Debug|Any CPU.Build.0 = Debug|Any CPU
		{658E6015-6A30-4D5F-89E2-29203F125736}.Release|Any CPU.ActiveCfg = Release|Any CPU
		{658E6015-6A30-4D5F-89E2-29203F125736}.Release|Any CPU.Build.0 = Release|Any CPU
		{4934B277-87E8-45D0-9422-D11E23248679}.Debug|Any CPU.ActiveCfg = Debug|Any CPU
		{4934B277-87E8-45D0-9422-D11E23248679}.Debug|Any CPU.Build.0 = Debug|Any CPU
		{4934B277-87E8-45D0-9422-D11E23248679}.Release|Any CPU.ActiveCfg = Release|Any CPU
		{4934B277-87E8-45D0-9422-D11E23248679}.Release|Any CPU.Build.0 = Release|Any CPU
		{A4ECA0A6-03B7-4A05-ADF8-CBDFE05F7CA9}.Debug|Any CPU.ActiveCfg = Debug|Any CPU
		{A4ECA0A6-03B7-4A05-ADF8-CBDFE05F7CA9}.Debug|Any CPU.Build.0 = Debug|Any CPU
		{A4ECA0A6-03B7-4A05-ADF8-CBDFE05F7CA9}.Release|Any CPU.ActiveCfg = Release|Any CPU
		{A4ECA0A6-03B7-4A05-ADF8-CBDFE05F7CA9}.Release|Any CPU.Build.0 = Release|Any CPU
		{E122F7A0-E970-4B75-807C-8823E9102864}.Debug|Any CPU.ActiveCfg = Debug|Any CPU
		{E122F7A0-E970-4B75-807C-8823E9102864}.Debug|Any CPU.Build.0 = Debug|Any CPU
		{E122F7A0-E970-4B75-807C-8823E9102864}.Release|Any CPU.ActiveCfg = Release|Any CPU
		{E122F7A0-E970-4B75-807C-8823E9102864}.Release|Any CPU.Build.0 = Release|Any CPU
		{1200B622-0396-4BAA-A47F-F22E5B2A277C}.Debug|Any CPU.ActiveCfg = Debug|Any CPU
		{1200B622-0396-4BAA-A47F-F22E5B2A277C}.Debug|Any CPU.Build.0 = Debug|Any CPU
		{1200B622-0396-4BAA-A47F-F22E5B2A277C}.Release|Any CPU.ActiveCfg = Release|Any CPU
		{1200B622-0396-4BAA-A47F-F22E5B2A277C}.Release|Any CPU.Build.0 = Release|Any CPU
		{7260A4CB-D853-4390-964D-F5AF6C3BE445}.Debug|Any CPU.ActiveCfg = Debug|Any CPU
		{7260A4CB-D853-4390-964D-F5AF6C3BE445}.Debug|Any CPU.Build.0 = Debug|Any CPU
		{7260A4CB-D853-4390-964D-F5AF6C3BE445}.Release|Any CPU.ActiveCfg = Release|Any CPU
		{7260A4CB-D853-4390-964D-F5AF6C3BE445}.Release|Any CPU.Build.0 = Release|Any CPU
		{7CF55D69-DB1B-4326-AF91-01072A966638}.Debug|Any CPU.ActiveCfg = Debug|Any CPU
		{7CF55D69-DB1B-4326-AF91-01072A966638}.Debug|Any CPU.Build.0 = Debug|Any CPU
		{7CF55D69-DB1B-4326-AF91-01072A966638}.Release|Any CPU.ActiveCfg = Release|Any CPU
		{7CF55D69-DB1B-4326-AF91-01072A966638}.Release|Any CPU.Build.0 = Release|Any CPU
		{B5025803-550F-2718-0B4A-39867A675BF8}.Debug|Any CPU.ActiveCfg = Debug|Any CPU
		{B5025803-550F-2718-0B4A-39867A675BF8}.Debug|Any CPU.Build.0 = Debug|Any CPU
		{B5025803-550F-2718-0B4A-39867A675BF8}.Release|Any CPU.ActiveCfg = Release|Any CPU
		{B5025803-550F-2718-0B4A-39867A675BF8}.Release|Any CPU.Build.0 = Release|Any CPU
		{9605B4B8-0A34-BDE4-CFD2-F49073E3B9EF}.Debug|Any CPU.ActiveCfg = Debug|Any CPU
		{9605B4B8-0A34-BDE4-CFD2-F49073E3B9EF}.Debug|Any CPU.Build.0 = Debug|Any CPU
		{9605B4B8-0A34-BDE4-CFD2-F49073E3B9EF}.Release|Any CPU.ActiveCfg = Release|Any CPU
		{9605B4B8-0A34-BDE4-CFD2-F49073E3B9EF}.Release|Any CPU.Build.0 = Release|Any CPU
		{766DC129-B7E6-6BE5-67FF-02794A6C9D6A}.Debug|Any CPU.ActiveCfg = Debug|Any CPU
		{766DC129-B7E6-6BE5-67FF-02794A6C9D6A}.Debug|Any CPU.Build.0 = Debug|Any CPU
		{766DC129-B7E6-6BE5-67FF-02794A6C9D6A}.Release|Any CPU.ActiveCfg = Release|Any CPU
		{766DC129-B7E6-6BE5-67FF-02794A6C9D6A}.Release|Any CPU.Build.0 = Release|Any CPU
		{8758FBDB-9295-0DA5-31B6-DA01667F06FB}.Debug|Any CPU.ActiveCfg = Debug|Any CPU
		{8758FBDB-9295-0DA5-31B6-DA01667F06FB}.Debug|Any CPU.Build.0 = Debug|Any CPU
		{8758FBDB-9295-0DA5-31B6-DA01667F06FB}.Release|Any CPU.ActiveCfg = Release|Any CPU
		{8758FBDB-9295-0DA5-31B6-DA01667F06FB}.Release|Any CPU.Build.0 = Release|Any CPU
		{7B34514D-F55C-A5FE-D1EF-2AB834B91306}.Debug|Any CPU.ActiveCfg = Debug|Any CPU
		{7B34514D-F55C-A5FE-D1EF-2AB834B91306}.Debug|Any CPU.Build.0 = Debug|Any CPU
		{7B34514D-F55C-A5FE-D1EF-2AB834B91306}.Release|Any CPU.ActiveCfg = Release|Any CPU
		{7B34514D-F55C-A5FE-D1EF-2AB834B91306}.Release|Any CPU.Build.0 = Release|Any CPU
		{8A978430-2CBF-4942-9B38-7E73355D7635}.Debug|Any CPU.ActiveCfg = Debug|Any CPU
		{8A978430-2CBF-4942-9B38-7E73355D7635}.Debug|Any CPU.Build.0 = Debug|Any CPU
		{8A978430-2CBF-4942-9B38-7E73355D7635}.Release|Any CPU.ActiveCfg = Release|Any CPU
		{8A978430-2CBF-4942-9B38-7E73355D7635}.Release|Any CPU.Build.0 = Release|Any CPU
		{6BD0EDF0-B69B-48FD-861C-36FCA7A71D96}.Debug|Any CPU.ActiveCfg = Debug|Any CPU
		{6BD0EDF0-B69B-48FD-861C-36FCA7A71D96}.Debug|Any CPU.Build.0 = Debug|Any CPU
		{6BD0EDF0-B69B-48FD-861C-36FCA7A71D96}.Release|Any CPU.ActiveCfg = Release|Any CPU
		{6BD0EDF0-B69B-48FD-861C-36FCA7A71D96}.Release|Any CPU.Build.0 = Release|Any CPU
		{7FC6C7B7-F83D-4E47-8F15-8109483A6D1D}.Debug|Any CPU.ActiveCfg = Debug|Any CPU
		{7FC6C7B7-F83D-4E47-8F15-8109483A6D1D}.Debug|Any CPU.Build.0 = Debug|Any CPU
		{7FC6C7B7-F83D-4E47-8F15-8109483A6D1D}.Release|Any CPU.ActiveCfg = Release|Any CPU
		{7FC6C7B7-F83D-4E47-8F15-8109483A6D1D}.Release|Any CPU.Build.0 = Release|Any CPU
		{0F61C659-3C2A-4B32-9E13-CE6B462681D6}.Debug|Any CPU.ActiveCfg = Debug|Any CPU
		{0F61C659-3C2A-4B32-9E13-CE6B462681D6}.Debug|Any CPU.Build.0 = Debug|Any CPU
		{0F61C659-3C2A-4B32-9E13-CE6B462681D6}.Release|Any CPU.ActiveCfg = Release|Any CPU
		{0F61C659-3C2A-4B32-9E13-CE6B462681D6}.Release|Any CPU.Build.0 = Release|Any CPU
		{F3096F73-8FCF-477B-BEB2-968C6B0C89DF}.Debug|Any CPU.ActiveCfg = Debug|Any CPU
		{F3096F73-8FCF-477B-BEB2-968C6B0C89DF}.Debug|Any CPU.Build.0 = Debug|Any CPU
		{F3096F73-8FCF-477B-BEB2-968C6B0C89DF}.Release|Any CPU.ActiveCfg = Release|Any CPU
		{F3096F73-8FCF-477B-BEB2-968C6B0C89DF}.Release|Any CPU.Build.0 = Release|Any CPU
		{A67003EF-C451-4306-9537-22ACB08459D3}.Debug|Any CPU.ActiveCfg = Debug|Any CPU
		{A67003EF-C451-4306-9537-22ACB08459D3}.Debug|Any CPU.Build.0 = Debug|Any CPU
		{A67003EF-C451-4306-9537-22ACB08459D3}.Release|Any CPU.ActiveCfg = Release|Any CPU
		{A67003EF-C451-4306-9537-22ACB08459D3}.Release|Any CPU.Build.0 = Release|Any CPU
		{BA3B5C5E-D6A4-39ED-6760-036CDB62E249}.Debug|Any CPU.ActiveCfg = Debug|Any CPU
		{BA3B5C5E-D6A4-39ED-6760-036CDB62E249}.Debug|Any CPU.Build.0 = Debug|Any CPU
		{BA3B5C5E-D6A4-39ED-6760-036CDB62E249}.Release|Any CPU.ActiveCfg = Release|Any CPU
		{BA3B5C5E-D6A4-39ED-6760-036CDB62E249}.Release|Any CPU.Build.0 = Release|Any CPU
		{31B04742-827B-41CC-BE54-81BBB63A2106}.Debug|Any CPU.ActiveCfg = Debug|Any CPU
		{31B04742-827B-41CC-BE54-81BBB63A2106}.Debug|Any CPU.Build.0 = Debug|Any CPU
		{31B04742-827B-41CC-BE54-81BBB63A2106}.Release|Any CPU.ActiveCfg = Release|Any CPU
		{31B04742-827B-41CC-BE54-81BBB63A2106}.Release|Any CPU.Build.0 = Release|Any CPU
		{8C0A0BC6-7925-42A5-B48B-A3705CE6C760}.Debug|Any CPU.ActiveCfg = Debug|Any CPU
		{8C0A0BC6-7925-42A5-B48B-A3705CE6C760}.Debug|Any CPU.Build.0 = Debug|Any CPU
		{8C0A0BC6-7925-42A5-B48B-A3705CE6C760}.Release|Any CPU.ActiveCfg = Release|Any CPU
		{8C0A0BC6-7925-42A5-B48B-A3705CE6C760}.Release|Any CPU.Build.0 = Release|Any CPU
		{6EF7678A-A725-F430-3097-30F090C0100A}.Debug|Any CPU.ActiveCfg = Debug|Any CPU
		{6EF7678A-A725-F430-3097-30F090C0100A}.Debug|Any CPU.Build.0 = Debug|Any CPU
		{6EF7678A-A725-F430-3097-30F090C0100A}.Release|Any CPU.ActiveCfg = Release|Any CPU
		{6EF7678A-A725-F430-3097-30F090C0100A}.Release|Any CPU.Build.0 = Release|Any CPU
		{010D0C11-D6A2-3CA6-3281-4E0FD547EC2D}.Debug|Any CPU.ActiveCfg = Debug|Any CPU
		{010D0C11-D6A2-3CA6-3281-4E0FD547EC2D}.Debug|Any CPU.Build.0 = Debug|Any CPU
		{010D0C11-D6A2-3CA6-3281-4E0FD547EC2D}.Release|Any CPU.ActiveCfg = Release|Any CPU
		{010D0C11-D6A2-3CA6-3281-4E0FD547EC2D}.Release|Any CPU.Build.0 = Release|Any CPU
		{42F36080-6132-4E19-BEB7-B75F30754DEE}.Debug|Any CPU.ActiveCfg = Debug|Any CPU
		{42F36080-6132-4E19-BEB7-B75F30754DEE}.Debug|Any CPU.Build.0 = Debug|Any CPU
		{42F36080-6132-4E19-BEB7-B75F30754DEE}.Release|Any CPU.ActiveCfg = Release|Any CPU
		{42F36080-6132-4E19-BEB7-B75F30754DEE}.Release|Any CPU.Build.0 = Release|Any CPU
		{DB416589-B6F7-4651-A201-8D3F7CEA902C}.Debug|Any CPU.ActiveCfg = Debug|Any CPU
		{DB416589-B6F7-4651-A201-8D3F7CEA902C}.Debug|Any CPU.Build.0 = Debug|Any CPU
		{DB416589-B6F7-4651-A201-8D3F7CEA902C}.Release|Any CPU.ActiveCfg = Release|Any CPU
		{DB416589-B6F7-4651-A201-8D3F7CEA902C}.Release|Any CPU.Build.0 = Release|Any CPU
		{FD35EECA-7369-4D07-99DF-269A500F98E2}.Debug|Any CPU.ActiveCfg = Debug|Any CPU
		{FD35EECA-7369-4D07-99DF-269A500F98E2}.Debug|Any CPU.Build.0 = Debug|Any CPU
		{FD35EECA-7369-4D07-99DF-269A500F98E2}.Release|Any CPU.ActiveCfg = Release|Any CPU
		{FD35EECA-7369-4D07-99DF-269A500F98E2}.Release|Any CPU.Build.0 = Release|Any CPU
		{73450C9A-E218-41FA-8E6E-7931B820E573}.Debug|Any CPU.ActiveCfg = Debug|Any CPU
		{73450C9A-E218-41FA-8E6E-7931B820E573}.Debug|Any CPU.Build.0 = Debug|Any CPU
		{73450C9A-E218-41FA-8E6E-7931B820E573}.Release|Any CPU.ActiveCfg = Release|Any CPU
		{73450C9A-E218-41FA-8E6E-7931B820E573}.Release|Any CPU.Build.0 = Release|Any CPU
		{B5F00E82-D732-4856-A875-ABFC3CA7E142}.Debug|Any CPU.ActiveCfg = Debug|Any CPU
		{B5F00E82-D732-4856-A875-ABFC3CA7E142}.Debug|Any CPU.Build.0 = Debug|Any CPU
		{B5F00E82-D732-4856-A875-ABFC3CA7E142}.Release|Any CPU.ActiveCfg = Release|Any CPU
		{B5F00E82-D732-4856-A875-ABFC3CA7E142}.Release|Any CPU.Build.0 = Release|Any CPU
		{5BD4CB0C-1C28-4970-863D-6DEC5BF857E2}.Debug|Any CPU.ActiveCfg = Debug|Any CPU
		{5BD4CB0C-1C28-4970-863D-6DEC5BF857E2}.Debug|Any CPU.Build.0 = Debug|Any CPU
		{5BD4CB0C-1C28-4970-863D-6DEC5BF857E2}.Release|Any CPU.ActiveCfg = Release|Any CPU
		{5BD4CB0C-1C28-4970-863D-6DEC5BF857E2}.Release|Any CPU.Build.0 = Release|Any CPU
		{8C31315C-B092-4866-BBDC-C1754D584E8C}.Debug|Any CPU.ActiveCfg = Debug|Any CPU
		{8C31315C-B092-4866-BBDC-C1754D584E8C}.Debug|Any CPU.Build.0 = Debug|Any CPU
		{8C31315C-B092-4866-BBDC-C1754D584E8C}.Release|Any CPU.ActiveCfg = Release|Any CPU
		{8C31315C-B092-4866-BBDC-C1754D584E8C}.Release|Any CPU.Build.0 = Release|Any CPU
		{1E82F0B6-D41A-4588-9AA7-B62471DBFE0B}.Debug|Any CPU.ActiveCfg = Debug|Any CPU
		{1E82F0B6-D41A-4588-9AA7-B62471DBFE0B}.Debug|Any CPU.Build.0 = Debug|Any CPU
		{1E82F0B6-D41A-4588-9AA7-B62471DBFE0B}.Release|Any CPU.ActiveCfg = Release|Any CPU
		{1E82F0B6-D41A-4588-9AA7-B62471DBFE0B}.Release|Any CPU.Build.0 = Release|Any CPU
	EndGlobalSection
	GlobalSection(SolutionProperties) = preSolution
		HideSolutionNode = FALSE
	EndGlobalSection
	GlobalSection(NestedProjects) = preSolution
		{C1A46E51-B286-4D2F-9364-5474C51CC307} = {DDB4EF12-CC4E-5E88-E6FC-71A802F4DE97}
		{9DCB5634-2A6A-605A-0D8F-EF7BB0637332} = {C6832351-4C39-448D-97BC-44A5F540CA0D}
		{DF68C85C-5A85-478B-8C7C-2AAD64DC0A8F} = {1DE4ED9C-A252-4A2C-AED6-F8FB874590F0}
		{28D68D7F-AAC9-4E7C-974D-F5B5C5211455} = {DF68C85C-5A85-478B-8C7C-2AAD64DC0A8F}
		{C6832351-4C39-448D-97BC-44A5F540CA0D} = {1DE4ED9C-A252-4A2C-AED6-F8FB874590F0}
		{F908F6A8-49E1-44FA-ADC5-555F1800DE7C} = {F7B4A52C-5A03-4760-BBF6-E9C9CA62FAF3}
		{FA1648E7-F6C5-41E1-9A4A-4D0AC1B5E28D} = {F7B4A52C-5A03-4760-BBF6-E9C9CA62FAF3}
		{E046CFB9-6174-4389-9EEC-207BE82D1F8D} = {1DE4ED9C-A252-4A2C-AED6-F8FB874590F0}
		{C344929F-77CA-4B97-BE24-C9F88F178813} = {E046CFB9-6174-4389-9EEC-207BE82D1F8D}
		{F51E9D55-D847-4FA2-A5D9-0A9042398923} = {DF68C85C-5A85-478B-8C7C-2AAD64DC0A8F}
		{406DCBFF-EB8E-48FD-9A04-AEAB3F4DDA1A} = {F7B4A52C-5A03-4760-BBF6-E9C9CA62FAF3}
		{01E52101-CE54-4649-B644-864C6FE88924} = {F7B4A52C-5A03-4760-BBF6-E9C9CA62FAF3}
		{5681F9FA-C2B4-45E7-A9F9-52DEDEA69806} = {2AB8A49B-AFBC-4A1A-8585-6155F553B481}
		{0617A0E7-18F1-40FF-B70A-E445C903A030} = {2AB8A49B-AFBC-4A1A-8585-6155F553B481}
		{9661600F-9E2E-EC39-AFA2-64DBC15CE967} = {0617A0E7-18F1-40FF-B70A-E445C903A030}
		{C1D467A2-649D-468F-AF75-0B178FA80A4F} = {0617A0E7-18F1-40FF-B70A-E445C903A030}
		{BF076AD8-C2DD-4BD4-AE8F-36B97863932B} = {6E09C45F-E4AC-4D3B-A254-43B66A55A7CE}
		{DE174D9C-F4D9-454C-9550-A43E4E810C5C} = {6E09C45F-E4AC-4D3B-A254-43B66A55A7CE}
		{658E6015-6A30-4D5F-89E2-29203F125736} = {DE174D9C-F4D9-454C-9550-A43E4E810C5C}
		{4934B277-87E8-45D0-9422-D11E23248679} = {DE174D9C-F4D9-454C-9550-A43E4E810C5C}
		{A4ECA0A6-03B7-4A05-ADF8-CBDFE05F7CA9} = {C2B3A20F-16B0-42B9-9AF4-0BD7EB3277E1}
		{66F3A5D1-A244-4B77-8918-57A2E85CD6C1} = {49E77E72-A99F-4033-86F0-FBFD05B20143}
		{E122F7A0-E970-4B75-807C-8823E9102864} = {66F3A5D1-A244-4B77-8918-57A2E85CD6C1}
		{1200B622-0396-4BAA-A47F-F22E5B2A277C} = {49E77E72-A99F-4033-86F0-FBFD05B20143}
		{7260A4CB-D853-4390-964D-F5AF6C3BE445} = {49E77E72-A99F-4033-86F0-FBFD05B20143}
		{7CF55D69-DB1B-4326-AF91-01072A966638} = {66F3A5D1-A244-4B77-8918-57A2E85CD6C1}
		{B9A03ACA-706C-4DD9-A8E9-F092BCF36D7F} = {5D8AC47C-5270-46A8-AE1B-2398C3CD1789}
		{B5025803-550F-2718-0B4A-39867A675BF8} = {B9A03ACA-706C-4DD9-A8E9-F092BCF36D7F}
		{9605B4B8-0A34-BDE4-CFD2-F49073E3B9EF} = {B9A03ACA-706C-4DD9-A8E9-F092BCF36D7F}
		{766DC129-B7E6-6BE5-67FF-02794A6C9D6A} = {B9A03ACA-706C-4DD9-A8E9-F092BCF36D7F}
		{8758FBDB-9295-0DA5-31B6-DA01667F06FB} = {B9A03ACA-706C-4DD9-A8E9-F092BCF36D7F}
		{7B34514D-F55C-A5FE-D1EF-2AB834B91306} = {5D8AC47C-5270-46A8-AE1B-2398C3CD1789}
		{8A978430-2CBF-4942-9B38-7E73355D7635} = {5D8AC47C-5270-46A8-AE1B-2398C3CD1789}
		{6BD0EDF0-B69B-48FD-861C-36FCA7A71D96} = {7512E635-1B01-4353-B61A-8BBA40DE9C83}
		{7FC6C7B7-F83D-4E47-8F15-8109483A6D1D} = {7512E635-1B01-4353-B61A-8BBA40DE9C83}
		{A96CAC3F-FA89-484F-BCD0-79A6F5FA0461} = {7512E635-1B01-4353-B61A-8BBA40DE9C83}
		{0F61C659-3C2A-4B32-9E13-CE6B462681D6} = {A96CAC3F-FA89-484F-BCD0-79A6F5FA0461}
		{F3096F73-8FCF-477B-BEB2-968C6B0C89DF} = {A96CAC3F-FA89-484F-BCD0-79A6F5FA0461}
		{00600DC5-FFE1-442E-B951-9CF2DAFE59C5} = {AC5829DA-48CB-4C18-82EF-8766A849C924}
		{A67003EF-C451-4306-9537-22ACB08459D3} = {00600DC5-FFE1-442E-B951-9CF2DAFE59C5}
		{BA3B5C5E-D6A4-39ED-6760-036CDB62E249} = {AC5829DA-48CB-4C18-82EF-8766A849C924}
		{31B04742-827B-41CC-BE54-81BBB63A2106} = {00600DC5-FFE1-442E-B951-9CF2DAFE59C5}
		{8C0A0BC6-7925-42A5-B48B-A3705CE6C760} = {AC5829DA-48CB-4C18-82EF-8766A849C924}
		{6EF7678A-A725-F430-3097-30F090C0100A} = {498FEAF4-DBE5-4DF7-9DC8-478E0EEA5993}
		{010D0C11-D6A2-3CA6-3281-4E0FD547EC2D} = {498FEAF4-DBE5-4DF7-9DC8-478E0EEA5993}
		{42F36080-6132-4E19-BEB7-B75F30754DEE} = {EC98FBDE-D4A9-469D-AFE2-07379C7AF79B}
		{281B5FF0-5980-410B-8B76-259DDA290641} = {EC98FBDE-D4A9-469D-AFE2-07379C7AF79B}
		{DB416589-B6F7-4651-A201-8D3F7CEA902C} = {281B5FF0-5980-410B-8B76-259DDA290641}
		{FD35EECA-7369-4D07-99DF-269A500F98E2} = {281B5FF0-5980-410B-8B76-259DDA290641}
		{73450C9A-E218-41FA-8E6E-7931B820E573} = {281B5FF0-5980-410B-8B76-259DDA290641}
		{B5F00E82-D732-4856-A875-ABFC3CA7E142} = {F7B4A52C-5A03-4760-BBF6-E9C9CA62FAF3}
		{53563BAE-3FEF-4370-B59B-CCA7EDE5DAB8} = {E6C788F2-B47E-433E-B50C-577ACC473203}
		{5BD4CB0C-1C28-4970-863D-6DEC5BF857E2} = {53563BAE-3FEF-4370-B59B-CCA7EDE5DAB8}
		{8C31315C-B092-4866-BBDC-C1754D584E8C} = {53563BAE-3FEF-4370-B59B-CCA7EDE5DAB8}
		{1E82F0B6-D41A-4588-9AA7-B62471DBFE0B} = {53563BAE-3FEF-4370-B59B-CCA7EDE5DAB8}
	EndGlobalSection
	GlobalSection(ExtensibilityGlobals) = postSolution
		SolutionGuid = {0E29C428-67C0-40E9-BA4B-874512CFD26C}
	EndGlobalSection
EndGlobal
