
Microsoft Visual Studio Solution File, Format Version 12.00
# Visual Studio Version 17
VisualStudioVersion = 17.13.35825.156
MinimumVisualStudioVersion = 10.0.40219.1
Project("{2150E333-8FDC-42A3-9474-1A3956D46DE8}") = "chapter01", "chapter01", "{DDB4EF12-CC4E-5E88-E6FC-71A802F4DE97}"
EndProject
Project("{FAE04EC0-301F-11D3-BF4B-00C04F79EFBC}") = "ProductSample", "Chapter01\ProductSample\ProductSample.csproj", "{C1A46E51-B286-4D2F-9364-5474C51CC307}"
EndProject
Project("{2150E333-8FDC-42A3-9474-1A3956D46DE8}") = "Chapter02", "Chapter02", "{1DE4ED9C-A252-4A2C-AED6-F8FB874590F0}"
EndProject
Project("{FAE04EC0-301F-11D3-BF4B-00C04F79EFBC}") = "DistanceConverter", "Chapter02\DistanceConverter\DistanceConverter.csproj", "{9DCB5634-2A6A-605A-0D8F-EF7BB0637332}"
EndProject
Project("{2150E333-8FDC-42A3-9474-1A3956D46DE8}") = "演習問題", "演習問題", "{DF68C85C-5A85-478B-8C7C-2AAD64DC0A8F}"
EndProject
Project("{FAE04EC0-301F-11D3-BF4B-00C04F79EFBC}") = "Exercise02", "Chapter02\演習問題\Exercise02\Exercise02.csproj", "{28D68D7F-AAC9-4E7C-974D-F5B5C5211455}"
EndProject
Project("{2150E333-8FDC-42A3-9474-1A3956D46DE8}") = "距離換算プログラム", "距離換算プログラム", "{C6832351-4C39-448D-97BC-44A5F540CA0D}"
EndProject
Project("{2150E333-8FDC-42A3-9474-1A3956D46DE8}") = "FormApps", "FormApps", "{F7B4A52C-5A03-4760-BBF6-E9C9CA62FAF3}"
EndProject
Project("{FAE04EC0-301F-11D3-BF4B-00C04F79EFBC}") = "UnitConverter", "FormApps\UnitConverter\UnitConverter.csproj", "{F908F6A8-49E1-44FA-ADC5-555F1800DE7C}"
EndProject
Project("{FAE04EC0-301F-11D3-BF4B-00C04F79EFBC}") = "StopWatch", "FormApps\StopWatch\StopWatch.csproj", "{FA1648E7-F6C5-41E1-9A4A-4D0AC1B5E28D}"
EndProject
Global
	GlobalSection(SolutionConfigurationPlatforms) = preSolution
		Debug|Any CPU = Debug|Any CPU
		Release|Any CPU = Release|Any CPU
	EndGlobalSection
	GlobalSection(ProjectConfigurationPlatforms) = postSolution
		{C1A46E51-B286-4D2F-9364-5474C51CC307}.Debug|Any CPU.ActiveCfg = Debug|Any CPU
		{C1A46E51-B286-4D2F-9364-5474C51CC307}.Debug|Any CPU.Build.0 = Debug|Any CPU
		{C1A46E51-B286-4D2F-9364-5474C51CC307}.Release|Any CPU.ActiveCfg = Release|Any CPU
		{C1A46E51-B286-4D2F-9364-5474C51CC307}.Release|Any CPU.Build.0 = Release|Any CPU
		{9DCB5634-2A6A-605A-0D8F-EF7BB0637332}.Debug|Any CPU.ActiveCfg = Debug|Any CPU
		{9DCB5634-2A6A-605A-0D8F-EF7BB0637332}.Debug|Any CPU.Build.0 = Debug|Any CPU
		{9DCB5634-2A6A-605A-0D8F-EF7BB0637332}.Release|Any CPU.ActiveCfg = Release|Any CPU
		{9DCB5634-2A6A-605A-0D8F-EF7BB0637332}.Release|Any CPU.Build.0 = Release|Any CPU
		{28D68D7F-AAC9-4E7C-974D-F5B5C5211455}.Debug|Any CPU.ActiveCfg = Debug|Any CPU
		{28D68D7F-AAC9-4E7C-974D-F5B5C5211455}.Debug|Any CPU.Build.0 = Debug|Any CPU
		{28D68D7F-AAC9-4E7C-974D-F5B5C5211455}.Release|Any CPU.ActiveCfg = Release|Any CPU
		{28D68D7F-AAC9-4E7C-974D-F5B5C5211455}.Release|Any CPU.Build.0 = Release|Any CPU
		{F908F6A8-49E1-44FA-ADC5-555F1800DE7C}.Debug|Any CPU.ActiveCfg = Debug|Any CPU
		{F908F6A8-49E1-44FA-ADC5-555F1800DE7C}.Debug|Any CPU.Build.0 = Debug|Any CPU
		{F908F6A8-49E1-44FA-ADC5-555F1800DE7C}.Release|Any CPU.ActiveCfg = Release|Any CPU
		{F908F6A8-49E1-44FA-ADC5-555F1800DE7C}.Release|Any CPU.Build.0 = Release|Any CPU
		{FA1648E7-F6C5-41E1-9A4A-4D0AC1B5E28D}.Debug|Any CPU.ActiveCfg = Debug|Any CPU
		{FA1648E7-F6C5-41E1-9A4A-4D0AC1B5E28D}.Debug|Any CPU.Build.0 = Debug|Any CPU
		{FA1648E7-F6C5-41E1-9A4A-4D0AC1B5E28D}.Release|Any CPU.ActiveCfg = Release|Any CPU
		{FA1648E7-F6C5-41E1-9A4A-4D0AC1B5E28D}.Release|Any CPU.Build.0 = Release|Any CPU
	EndGlobalSection
	GlobalSection(SolutionProperties) = preSolution
		HideSolutionNode = FALSE
	EndGlobalSection
	GlobalSection(NestedProjects) = preSolution
		{C1A46E51-B286-4D2F-9364-5474C51CC307} = {DDB4EF12-CC4E-5E88-E6FC-71A802F4DE97}
		{9DCB5634-2A6A-605A-0D8F-EF7BB0637332} = {C6832351-4C39-448D-97BC-44A5F540CA0D}
		{DF68C85C-5A85-478B-8C7C-2AAD64DC0A8F} = {1DE4ED9C-A252-4A2C-AED6-F8FB874590F0}
		{28D68D7F-AAC9-4E7C-974D-F5B5C5211455} = {DF68C85C-5A85-478B-8C7C-2AAD64DC0A8F}
		{C6832351-4C39-448D-97BC-44A5F540CA0D} = {1DE4ED9C-A252-4A2C-AED6-F8FB874590F0}
		{F908F6A8-49E1-44FA-ADC5-555F1800DE7C} = {F7B4A52C-5A03-4760-BBF6-E9C9CA62FAF3}
		{FA1648E7-F6C5-41E1-9A4A-4D0AC1B5E28D} = {F7B4A52C-5A03-4760-BBF6-E9C9CA62FAF3}
	EndGlobalSection
	GlobalSection(ExtensibilityGlobals) = postSolution
		SolutionGuid = {0E29C428-67C0-40E9-BA4B-874512CFD26C}
	EndGlobalSection
EndGlobal
